
Microsoft Visual Studio Solution File, Format Version 12.00
# Visual Studio Version 17
VisualStudioVersion = 17.0.31903.59
MinimumVisualStudioVersion = 10.0.40219.1
Project("{2150E333-8FDC-42A3-9474-1A3956D46DE8}") = "src", "src", "{827E0CD3-B72D-47B6-A68D-7590B98EB39B}"
EndProject
Project("{FAE04EC0-301F-11D3-BF4B-00C04F79EFBC}") = "GWGUI.App", "src\GWGUI.App\GWGUI.App.csproj", "{62E212E5-D935-46E8-B369-C044593F9F18}"
EndProject
Project("{FAE04EC0-301F-11D3-BF4B-00C04F79EFBC}") = "GWGUI.Domain", "src\GWGUI.Domain\GWGUI.Domain.csproj", "{77A7D2E2-AA3D-47C3-8266-1AD463FB13E3}"
EndProject
Project("{FAE04EC0-301F-11D3-BF4B-00C04F79EFBC}") = "GWGUI.Infrastructure", "src\GWGUI.Infrastructure\GWGUI.Infrastructure.csproj", "{DC44ECA5-CB41-4498-978C-754B291AC18E}"
EndProject
Project("{FAE04EC0-301F-11D3-BF4B-00C04F79EFBC}") = "GWGUI.Scp", "src\GWGUI.Scp\GWGUI.Scp.csproj", "{CC22FA03-87A5-4258-9230-F3D5EE34100E}"
EndProject
Project("{2150E333-8FDC-42A3-9474-1A3956D46DE8}") = "tests", "tests", "{0AB3BF05-4346-4AA6-1389-037BE0695223}"
EndProject
Project("{FAE04EC0-301F-11D3-BF4B-00C04F79EFBC}") = "GWGUI.Tests", "tests\GWGUI.Tests\GWGUI.Tests.csproj", "{02C8D9B4-BE59-482F-9D73-5D770E6298C5}"
EndProject
Global
	GlobalSection(SolutionConfigurationPlatforms) = preSolution
		Debug|Any CPU = Debug|Any CPU
		Debug|x64 = Debug|x64
		Debug|x86 = Debug|x86
		Release|Any CPU = Release|Any CPU
		Release|x64 = Release|x64
		Release|x86 = Release|x86
	EndGlobalSection
	GlobalSection(ProjectConfigurationPlatforms) = postSolution
		{62E212E5-D935-46E8-B369-C044593F9F18}.Debug|Any CPU.ActiveCfg = Debug|Any CPU
		{62E212E5-D935-46E8-B369-C044593F9F18}.Debug|Any CPU.Build.0 = Debug|Any CPU
		{62E212E5-D935-46E8-B369-C044593F9F18}.Debug|x64.ActiveCfg = Debug|Any CPU
		{62E212E5-D935-46E8-B369-C044593F9F18}.Debug|x64.Build.0 = Debug|Any CPU
		{62E212E5-D935-46E8-B369-C044593F9F18}.Debug|x86.ActiveCfg = Debug|Any CPU
		{62E212E5-D935-46E8-B369-C044593F9F18}.Debug|x86.Build.0 = Debug|Any CPU
		{62E212E5-D935-46E8-B369-C044593F9F18}.Release|Any CPU.ActiveCfg = Release|Any CPU
		{62E212E5-D935-46E8-B369-C044593F9F18}.Release|Any CPU.Build.0 = Release|Any CPU
		{62E212E5-D935-46E8-B369-C044593F9F18}.Release|x64.ActiveCfg = Release|Any CPU
		{62E212E5-D935-46E8-B369-C044593F9F18}.Release|x64.Build.0 = Release|Any CPU
		{62E212E5-D935-46E8-B369-C044593F9F18}.Release|x86.ActiveCfg = Release|Any CPU
		{62E212E5-D935-46E8-B369-C044593F9F18}.Release|x86.Build.0 = Release|Any CPU
		{77A7D2E2-AA3D-47C3-8266-1AD463FB13E3}.Debug|Any CPU.ActiveCfg = Debug|Any CPU
		{77A7D2E2-AA3D-47C3-8266-1AD463FB13E3}.Debug|Any CPU.Build.0 = Debug|Any CPU
		{77A7D2E2-AA3D-47C3-8266-1AD463FB13E3}.Debug|x64.ActiveCfg = Debug|Any CPU
		{77A7D2E2-AA3D-47C3-8266-1AD463FB13E3}.Debug|x64.Build.0 = Debug|Any CPU
		{77A7D2E2-AA3D-47C3-8266-1AD463FB13E3}.Debug|x86.ActiveCfg = Debug|Any CPU
		{77A7D2E2-AA3D-47C3-8266-1AD463FB13E3}.Debug|x86.Build.0 = Debug|Any CPU
		{77A7D2E2-AA3D-47C3-8266-1AD463FB13E3}.Release|Any CPU.ActiveCfg = Release|Any CPU
		{77A7D2E2-AA3D-47C3-8266-1AD463FB13E3}.Release|Any CPU.Build.0 = Release|Any CPU
		{77A7D2E2-AA3D-47C3-8266-1AD463FB13E3}.Release|x64.ActiveCfg = Release|Any CPU
		{77A7D2E2-AA3D-47C3-8266-1AD463FB13E3}.Release|x64.Build.0 = Release|Any CPU
		{77A7D2E2-AA3D-47C3-8266-1AD463FB13E3}.Release|x86.ActiveCfg = Release|Any CPU
		{77A7D2E2-AA3D-47C3-8266-1AD463FB13E3}.Release|x86.Build.0 = Release|Any CPU
		{DC44ECA5-CB41-4498-978C-754B291AC18E}.Debug|Any CPU.ActiveCfg = Debug|Any CPU
		{DC44ECA5-CB41-4498-978C-754B291AC18E}.Debug|Any CPU.Build.0 = Debug|Any CPU
		{DC44ECA5-CB41-4498-978C-754B291AC18E}.Debug|x64.ActiveCfg = Debug|Any CPU
		{DC44ECA5-CB41-4498-978C-754B291AC18E}.Debug|x64.Build.0 = Debug|Any CPU
		{DC44ECA5-CB41-4498-978C-754B291AC18E}.Debug|x86.ActiveCfg = Debug|Any CPU
		{DC44ECA5-CB41-4498-978C-754B291AC18E}.Debug|x86.Build.0 = Debug|Any CPU
		{DC44ECA5-CB41-4498-978C-754B291AC18E}.Release|Any CPU.ActiveCfg = Release|Any CPU
		{DC44ECA5-CB41-4498-978C-754B291AC18E}.Release|Any CPU.Build.0 = Release|Any CPU
		{DC44ECA5-CB41-4498-978C-754B291AC18E}.Release|x64.ActiveCfg = Release|Any CPU
		{DC44ECA5-CB41-4498-978C-754B291AC18E}.Release|x64.Build.0 = Release|Any CPU
		{DC44ECA5-CB41-4498-978C-754B291AC18E}.Release|x86.ActiveCfg = Release|Any CPU
		{DC44ECA5-CB41-4498-978C-754B291AC18E}.Release|x86.Build.0 = Release|Any CPU
		{CC22FA03-87A5-4258-9230-F3D5EE34100E}.Debug|Any CPU.ActiveCfg = Debug|Any CPU
		{CC22FA03-87A5-4258-9230-F3D5EE34100E}.Debug|Any CPU.Build.0 = Debug|Any CPU
		{CC22FA03-87A5-4258-9230-F3D5EE34100E}.Debug|x64.ActiveCfg = Debug|Any CPU
		{CC22FA03-87A5-4258-9230-F3D5EE34100E}.Debug|x64.Build.0 = Debug|Any CPU
		{CC22FA03-87A5-4258-9230-F3D5EE34100E}.Debug|x86.ActiveCfg = Debug|Any CPU
		{CC22FA03-87A5-4258-9230-F3D5EE34100E}.Debug|x86.Build.0 = Debug|Any CPU
		{CC22FA03-87A5-4258-9230-F3D5EE34100E}.Release|Any CPU.ActiveCfg = Release|Any CPU
		{CC22FA03-87A5-4258-9230-F3D5EE34100E}.Release|Any CPU.Build.0 = Release|Any CPU
		{CC22FA03-87A5-4258-9230-F3D5EE34100E}.Release|x64.ActiveCfg = Release|Any CPU
		{CC22FA03-87A5-4258-9230-F3D5EE34100E}.Release|x64.Build.0 = Release|Any CPU
		{CC22FA03-87A5-4258-9230-F3D5EE34100E}.Release|x86.ActiveCfg = Release|Any CPU
		{CC22FA03-87A5-4258-9230-F3D5EE34100E}.Release|x86.Build.0 = Release|Any CPU
		{02C8D9B4-BE59-482F-9D73-5D770E6298C5}.Debug|Any CPU.ActiveCfg = Debug|Any CPU
		{02C8D9B4-BE59-482F-9D73-5D770E6298C5}.Debug|Any CPU.Build.0 = Debug|Any CPU
		{02C8D9B4-BE59-482F-9D73-5D770E6298C5}.Debug|x64.ActiveCfg = Debug|Any CPU
		{02C8D9B4-BE59-482F-9D73-5D770E6298C5}.Debug|x64.Build.0 = Debug|Any CPU
		{02C8D9B4-BE59-482F-9D73-5D770E6298C5}.Debug|x86.ActiveCfg = Debug|Any CPU
		{02C8D9B4-BE59-482F-9D73-5D770E6298C5}.Debug|x86.Build.0 = Debug|Any CPU
		{02C8D9B4-BE59-482F-9D73-5D770E6298C5}.Release|Any CPU.ActiveCfg = Release|Any CPU
		{02C8D9B4-BE59-482F-9D73-5D770E6298C5}.Release|Any CPU.Build.0 = Release|Any CPU
		{02C8D9B4-BE59-482F-9D73-5D770E6298C5}.Release|x64.ActiveCfg = Release|Any CPU
		{02C8D9B4-BE59-482F-9D73-5D770E6298C5}.Release|x64.Build.0 = Release|Any CPU
		{02C8D9B4-BE59-482F-9D73-5D770E6298C5}.Release|x86.ActiveCfg = Release|Any CPU
		{02C8D9B4-BE59-482F-9D73-5D770E6298C5}.Release|x86.Build.0 = Release|Any CPU
	EndGlobalSection
	GlobalSection(SolutionProperties) = preSolution
		HideSolutionNode = FALSE
	EndGlobalSection
	GlobalSection(NestedProjects) = preSolution
		{62E212E5-D935-46E8-B369-C044593F9F18} = {827E0CD3-B72D-47B6-A68D-7590B98EB39B}
		{77A7D2E2-AA3D-47C3-8266-1AD463FB13E3} = {827E0CD3-B72D-47B6-A68D-7590B98EB39B}
		{DC44ECA5-CB41-4498-978C-754B291AC18E} = {827E0CD3-B72D-47B6-A68D-7590B98EB39B}
		{CC22FA03-87A5-4258-9230-F3D5EE34100E} = {827E0CD3-B72D-47B6-A68D-7590B98EB39B}
		{02C8D9B4-BE59-482F-9D73-5D770E6298C5} = {0AB3BF05-4346-4AA6-1389-037BE0695223}
	EndGlobalSection
EndGlobal
